
Microsoft Visual Studio Solution File, Format Version 12.00
# Visual Studio 15
VisualStudioVersion = 15.0.28307.106
MinimumVisualStudioVersion = 10.0.40219.1
Project("{FAE04EC0-301F-11D3-BF4B-00C04F79EFBC}") = "Reminderer", "Reminderer\Reminderer.csproj", "{F9FD3F1C-20FB-4451-80D7-6C9E98D2CC61}"
EndProject
Project("{FAE04EC0-301F-11D3-BF4B-00C04F79EFBC}") = "RemindererTests", "RemindererTests\RemindererTests.csproj", "{53632BA9-DEE3-44E8-8786-F937BD24D88C}"
EndProject
Global
	GlobalSection(SolutionConfigurationPlatforms) = preSolution
		Debug|Any CPU = Debug|Any CPU
		Release|Any CPU = Release|Any CPU
	EndGlobalSection
	GlobalSection(ProjectConfigurationPlatforms) = postSolution
		{F9FD3F1C-20FB-4451-80D7-6C9E98D2CC61}.Debug|Any CPU.ActiveCfg = Debug|Any CPU
		{F9FD3F1C-20FB-4451-80D7-6C9E98D2CC61}.Debug|Any CPU.Build.0 = Debug|Any CPU
		{F9FD3F1C-20FB-4451-80D7-6C9E98D2CC61}.Release|Any CPU.ActiveCfg = Release|Any CPU
		{F9FD3F1C-20FB-4451-80D7-6C9E98D2CC61}.Release|Any CPU.Build.0 = Release|Any CPU
		{53632BA9-DEE3-44E8-8786-F937BD24D88C}.Debug|Any CPU.ActiveCfg = Debug|Any CPU
		{53632BA9-DEE3-44E8-8786-F937BD24D88C}.Debug|Any CPU.Build.0 = Debug|Any CPU
		{53632BA9-DEE3-44E8-8786-F937BD24D88C}.Release|Any CPU.ActiveCfg = Release|Any CPU
		{53632BA9-DEE3-44E8-8786-F937BD24D88C}.Release|Any CPU.Build.0 = Release|Any CPU
	EndGlobalSection
	GlobalSection(SolutionProperties) = preSolution
		HideSolutionNode = FALSE
	EndGlobalSection
	GlobalSection(ExtensibilityGlobals) = postSolution
		SolutionGuid = {17A3D0A2-4668-4773-ABBA-0F0968096E80}
	EndGlobalSection
EndGlobal
